
Microsoft Visual Studio Solution File, Format Version 12.00
# Visual Studio Version 17
VisualStudioVersion = 17.0.32112.339
MinimumVisualStudioVersion = 10.0.40219.1
Project("{9A19103F-16F7-4668-BE54-9A1E7A4F7556}") = "BlogManager", "BlogManager.csproj", "{BC338BDF-9B97-477D-81EB-BEEB6DA1C7D9}"
EndProject
Global
	GlobalSection(SolutionConfigurationPlatforms) = preSolution
		Debug|Any CPU = Debug|Any CPU
		Release|Any CPU = Release|Any CPU
	EndGlobalSection
	GlobalSection(ProjectConfigurationPlatforms) = postSolution
		{BC338BDF-9B97-477D-81EB-BEEB6DA1C7D9}.Debug|Any CPU.ActiveCfg = Debug|Any CPU
		{BC338BDF-9B97-477D-81EB-BEEB6DA1C7D9}.Debug|Any CPU.Build.0 = Debug|Any CPU
		{BC338BDF-9B97-477D-81EB-BEEB6DA1C7D9}.Release|Any CPU.ActiveCfg = Release|Any CPU
		{BC338BDF-9B97-477D-81EB-BEEB6DA1C7D9}.Release|Any CPU.Build.0 = Release|Any CPU
	EndGlobalSection
	GlobalSection(SolutionProperties) = preSolution
		HideSolutionNode = FALSE
	EndGlobalSection
	GlobalSection(ExtensibilityGlobals) = postSolution
		SolutionGuid = {55649B77-3368-4FEC-BF2A-E1CC47D7C1A5}
	EndGlobalSection
EndGlobal
